Microsoft Visual Studio Solution File, Format Version 12.00
# Visual Studio Version 17
VisualStudioVersion = 17.5.2.0
MinimumVisualStudioVersion = 10.0.40219.1
Project("{2150E333-8FDC-42A3-9474-1A3956D46DE8}") = "clients", "clients", "{9123F88B-E531-3118-42D7-ED8CEF4BD00E}"
EndProject
Project("{2150E333-8FDC-42A3-9474-1A3956D46DE8}") = "csharp", "csharp", "{C1B4CF8E-6084-C9F6-E2FD-21F2A8C27FEB}"
EndProject
Project("{FAE04EC0-301F-11D3-BF4B-00C04F79EFBC}") = "RemoteBrowserClient", "clients\csharp\RemoteBrowserClient\RemoteBrowserClient.csproj", "{2E12E794-BAAA-3198-985E-5897196A54F5}"
EndProject
Global
	GlobalSection(SolutionConfigurationPlatforms) = preSolution
		Debug|Any CPU = Debug|Any CPU
		Release|Any CPU = Release|Any CPU
	EndGlobalSection
	GlobalSection(ProjectConfigurationPlatforms) = postSolution
		{2E12E794-BAAA-3198-985E-5897196A54F5}.Debug|Any CPU.ActiveCfg = Debug|Any CPU
		{2E12E794-BAAA-3198-985E-5897196A54F5}.Debug|Any CPU.Build.0 = Debug|Any CPU
		{2E12E794-BAAA-3198-985E-5897196A54F5}.Release|Any CPU.ActiveCfg = Release|Any CPU
		{2E12E794-BAAA-3198-985E-5897196A54F5}.Release|Any CPU.Build.0 = Release|Any CPU
	EndGlobalSection
	GlobalSection(SolutionProperties) = preSolution
		HideSolutionNode = FALSE
	EndGlobalSection
	GlobalSection(NestedProjects) = preSolution
		{C1B4CF8E-6084-C9F6-E2FD-21F2A8C27FEB} = {9123F88B-E531-3118-42D7-ED8CEF4BD00E}
		{2E12E794-BAAA-3198-985E-5897196A54F5} = {C1B4CF8E-6084-C9F6-E2FD-21F2A8C27FEB}
	EndGlobalSection
	GlobalSection(ExtensibilityGlobals) = postSolution
		SolutionGuid = {D9459E48-7EE8-45FB-98DC-3599C453D0EE}
	EndGlobalSection
EndGlobal
